// !$*UTF8*$!
{
	archiveVersion = 1;
	classes = {
	};
	objectVersion = 50;
	objects = {

/* Begin PBXBuildFile section */
		723D8EC7ACF68F8D273A1981 /* Pods_WE_DO.framework in Frameworks */ = {isa = PBXBuildFile; fileRef = 36803BF0CADC34349B3774F4 /* Pods_WE_DO.framework */; };
		83267B32B0664E914226F4C5 /* Pods_WE_DOTests.framework in Frameworks */ = {isa = PBXBuildFile; fileRef = D978D2B0AF532385DF8A870B /* Pods_WE_DOTests.framework */; };
		C404D48A21C8725500C2FC76 /* WelcomeVC.swift in Sources */ = {isa = PBXBuildFile; fileRef = C404D48921C8725500C2FC76 /* WelcomeVC.swift */; };
		C425D90B21BFE79D007BF62E /* WDActivityCell.swift in Sources */ = {isa = PBXBuildFile; fileRef = C425D90921BFE79D007BF62E /* WDActivityCell.swift */; };
		C425D90C21BFE79D007BF62E /* WDActivityCell.xib in Resources */ = {isa = PBXBuildFile; fileRef = C425D90A21BFE79D007BF62E /* WDActivityCell.xib */; };
		C432E15A21CBB27F009C8A2B /* Enums.swift in Sources */ = {isa = PBXBuildFile; fileRef = C432E15921CBB27F009C8A2B /* Enums.swift */; };
		C43EED4721BBEAAA00529981 /* AddPlanVC.swift in Sources */ = {isa = PBXBuildFile; fileRef = C43EED4621BBEAAA00529981 /* AddPlanVC.swift */; };
		C4598DAB21B7F72400AB1EAE /* AppDelegate.swift in Sources */ = {isa = PBXBuildFile; fileRef = C4598DAA21B7F72400AB1EAE /* AppDelegate.swift */; };
		C4598DB021B7F72400AB1EAE /* Main.storyboard in Resources */ = {isa = PBXBuildFile; fileRef = C4598DAE21B7F72400AB1EAE /* Main.storyboard */; };
		C4598DB221B7F72700AB1EAE /* Assets.xcassets in Resources */ = {isa = PBXBuildFile; fileRef = C4598DB121B7F72700AB1EAE /* Assets.xcassets */; };
		C4598DB521B7F72700AB1EAE /* LaunchScreen.storyboard in Resources */ = {isa = PBXBuildFile; fileRef = C4598DB321B7F72700AB1EAE /* LaunchScreen.storyboard */; };
		C4598DC021B7F72700AB1EAE /* WE_DOTests.swift in Sources */ = {isa = PBXBuildFile; fileRef = C4598DBF21B7F72700AB1EAE /* WE_DOTests.swift */; };
		C470EF6D21C8FCC5008173C1 /* EmailAuthVC.swift in Sources */ = {isa = PBXBuildFile; fileRef = C470EF6C21C8FCC5008173C1 /* EmailAuthVC.swift */; };
		C470EF6F21C962CA008173C1 /* AuthService.swift in Sources */ = {isa = PBXBuildFile; fileRef = C470EF6E21C962CA008173C1 /* AuthService.swift */; };
		C479E05721B876D1007D8C10 /* GoogleService-Info.plist in Resources */ = {isa = PBXBuildFile; fileRef = C479E05621B876D1007D8C10 /* GoogleService-Info.plist */; };
		C493862B21BD75A4003C5B4C /* PlanMapCVC.swift in Sources */ = {isa = PBXBuildFile; fileRef = C493862A21BD75A4003C5B4C /* PlanMapCVC.swift */; };
		C493862D21BD75DA003C5B4C /* AddActivityCVC.swift in Sources */ = {isa = PBXBuildFile; fileRef = C493862C21BD75DA003C5B4C /* AddActivityCVC.swift */; };
		C493863021BD79E5003C5B4C /* PlanTagCells.swift in Sources */ = {isa = PBXBuildFile; fileRef = C493862E21BD79E5003C5B4C /* PlanTagCells.swift */; };
		C493863121BD79E5003C5B4C /* PlanTagCells.xib in Resources */ = {isa = PBXBuildFile; fileRef = C493862F21BD79E5003C5B4C /* PlanTagCells.xib */; };
		C493863521BD7AD0003C5B4C /* UIColorExtension.swift in Sources */ = {isa = PBXBuildFile; fileRef = C493863221BD7ACE003C5B4C /* UIColorExtension.swift */; };
		C493863621BD7AD0003C5B4C /* StringExtension.swift in Sources */ = {isa = PBXBuildFile; fileRef = C493863321BD7ACE003C5B4C /* StringExtension.swift */; };
		C493863721BD7AD0003C5B4C /* UIColorInputError.swift in Sources */ = {isa = PBXBuildFile; fileRef = C493863421BD7ACF003C5B4C /* UIColorInputError.swift */; };
		C493863921BD8586003C5B4C /* CustomLabel.swift in Sources */ = {isa = PBXBuildFile; fileRef = C493863821BD8586003C5B4C /* CustomLabel.swift */; };
		C49F762421B9D441007A79B8 /* Constants.swift in Sources */ = {isa = PBXBuildFile; fileRef = C49F762321B9D441007A79B8 /* Constants.swift */; };
		C49F762821B9D4A2007A79B8 /* Extensions.swift in Sources */ = {isa = PBXBuildFile; fileRef = C49F762721B9D4A2007A79B8 /* Extensions.swift */; };
		C49F762A21B9D827007A79B8 /* ViewClasses.swift in Sources */ = {isa = PBXBuildFile; fileRef = C49F762921B9D827007A79B8 /* ViewClasses.swift */; };
		C49F762C21B9DA77007A79B8 /* AuthVC.swift in Sources */ = {isa = PBXBuildFile; fileRef = C49F762B21B9DA77007A79B8 /* AuthVC.swift */; };
		C4A19F0821BA8132004ED293 /* WDUser.swift in Sources */ = {isa = PBXBuildFile; fileRef = C4A19F0721BA8132004ED293 /* WDUser.swift */; };
		C4A19F0A21BA8359004ED293 /* DataService.swift in Sources */ = {isa = PBXBuildFile; fileRef = C4A19F0921BA8359004ED293 /* DataService.swift */; };
		C4A19F0C21BA9BCA004ED293 /* WDPlan.swift in Sources */ = {isa = PBXBuildFile; fileRef = C4A19F0B21BA9BCA004ED293 /* WDPlan.swift */; };
		C4A19F0E21BA9BDB004ED293 /* WDActivity.swift in Sources */ = {isa = PBXBuildFile; fileRef = C4A19F0D21BA9BDB004ED293 /* WDActivity.swift */; };
		C4A19F1021BA9F26004ED293 /* WDTags.swift in Sources */ = {isa = PBXBuildFile; fileRef = C4A19F0F21BA9F26004ED293 /* WDTags.swift */; };
		C4A19F1221BAA519004ED293 /* HomeVC.swift in Sources */ = {isa = PBXBuildFile; fileRef = C4A19F1121BAA519004ED293 /* HomeVC.swift */; };
		C4B635F921C6E90F00BFC71A /* MaterialButtons.swift in Sources */ = {isa = PBXBuildFile; fileRef = C4B635F221C6E8FC00BFC71A /* MaterialButtons.swift */; };
		C4B635FA21C6E90F00BFC71A /* MaterialView.swift in Sources */ = {isa = PBXBuildFile; fileRef = C4B635F321C6E8FF00BFC71A /* MaterialView.swift */; };
		C4B635FB21C6E90F00BFC71A /* ShadowViews.swift in Sources */ = {isa = PBXBuildFile; fileRef = C4B635F421C6E90200BFC71A /* ShadowViews.swift */; };
		C4B635FC21C6E90F00BFC71A /* MaterialTextField.swift in Sources */ = {isa = PBXBuildFile; fileRef = C4B635F521C6E90600BFC71A /* MaterialTextField.swift */; };
		C4B635FD21C6E90F00BFC71A /* GradientView.swift in Sources */ = {isa = PBXBuildFile; fileRef = C4B635F621C6E90900BFC71A /* GradientView.swift */; };
		C4B635FE21C6E90F00BFC71A /* CustomImageView.swift in Sources */ = {isa = PBXBuildFile; fileRef = C4B635F721C6E90C00BFC71A /* CustomImageView.swift */; };
		C4B635FF21C6E90F00BFC71A /* RoundTextField.swift in Sources */ = {isa = PBXBuildFile; fileRef = C4B635F821C6E90F00BFC71A /* RoundTextField.swift */; };
		C4C272C221C0675E00EDED51 /* SwiftyJSON.swift in Sources */ = {isa = PBXBuildFile; fileRef = C4C272C121C0675D00EDED51 /* SwiftyJSON.swift */; };
		C4D35F8B21BC8C32008E27E3 /* MapSearchCell.swift in Sources */ = {isa = PBXBuildFile; fileRef = C4D35F8921BC8C32008E27E3 /* MapSearchCell.swift */; };
		C4D35F8C21BC8C32008E27E3 /* MapSearchCell.xib in Resources */ = {isa = PBXBuildFile; fileRef = C4D35F8A21BC8C32008E27E3 /* MapSearchCell.xib */; };
		C4E7E2B021C6418900FD68E9 /* PlacesPhotoEngine.swift in Sources */ = {isa = PBXBuildFile; fileRef = C4E7E2AF21C6418900FD68E9 /* PlacesPhotoEngine.swift */; };
		C4E7E2B221C6C26400FD68E9 /* InviteeVC.swift in Sources */ = {isa = PBXBuildFile; fileRef = C4E7E2B121C6C26400FD68E9 /* InviteeVC.swift */; };
		C4E7E2B521C6C33900FD68E9 /* InviteeCell.swift in Sources */ = {isa = PBXBuildFile; fileRef = C4E7E2B321C6C33900FD68E9 /* InviteeCell.swift */; };
		C4E7E2B621C6C33900FD68E9 /* InviteeCell.xib in Resources */ = {isa = PBXBuildFile; fileRef = C4E7E2B421C6C33900FD68E9 /* InviteeCell.xib */; };
		C4FD7B1F21C5A7A40098D5A9 /* GSMapVC.swift in Sources */ = {isa = PBXBuildFile; fileRef = C4FD7B1E21C5A7A40098D5A9 /* GSMapVC.swift */; };
		C4FD7B2121C5DEB70098D5A9 /* LoggerService.swift in Sources */ = {isa = PBXBuildFile; fileRef = C4FD7B2021C5DEB70098D5A9 /* LoggerService.swift */; };
/* End PBXBuildFile section */

/* Begin PBXContainerItemProxy section */
		C4598DBC21B7F72700AB1EAE /* PBXContainerItemProxy */ = {
			isa = PBXContainerItemProxy;
			containerPortal = C4598D9F21B7F72400AB1EAE /* Project object */;
			proxyType = 1;
			remoteGlobalIDString = C4598DA621B7F72400AB1EAE;
			remoteInfo = "WE-DO";
		};
/* End PBXContainerItemProxy section */

/* Begin PBXFileReference section */
		36803BF0CADC34349B3774F4 /* Pods_WE_DO.framework */ = {isa = PBXFileReference; explicitFileType = wrapper.framework; includeInIndex = 0; path = Pods_WE_DO.framework; sourceTree = BUILT_PRODUCTS_DIR; };
		7E5BC3C91705584647D88572 /* Pods-WE-DO.debug.xcconfig */ = {isa = PBXFileReference; includeInIndex = 1; lastKnownFileType = text.xcconfig; name = "Pods-WE-DO.debug.xcconfig"; path = "Pods/Target Support Files/Pods-WE-DO/Pods-WE-DO.debug.xcconfig"; sourceTree = "<group>"; };
		9CCE2A2E596EFCA50E7246BB /* Pods-WE-DOTests.debug.xcconfig */ = {isa = PBXFileReference; includeInIndex = 1; lastKnownFileType = text.xcconfig; name = "Pods-WE-DOTests.debug.xcconfig"; path = "Pods/Target Support Files/Pods-WE-DOTests/Pods-WE-DOTests.debug.xcconfig"; sourceTree = "<group>"; };
		C404D48921C8725500C2FC76 /* WelcomeVC.swift */ = {isa = PBXFileReference; lastKnownFileType = sourcecode.swift; name = WelcomeVC.swift; path = "WE-DO/Views/WelcomeVC.swift"; sourceTree = SOURCE_ROOT; };
		C425D90921BFE79D007BF62E /* WDActivityCell.swift */ = {isa = PBXFileReference; lastKnownFileType = sourcecode.swift; path = WDActivityCell.swift; sourceTree = "<group>"; };
		C425D90A21BFE79D007BF62E /* WDActivityCell.xib */ = {isa = PBXFileReference; lastKnownFileType = file.xib; path = WDActivityCell.xib; sourceTree = "<group>"; };
		C432E15921CBB27F009C8A2B /* Enums.swift */ = {isa = PBXFileReference; lastKnownFileType = sourcecode.swift; path = Enums.swift; sourceTree = "<group>"; };
		C43EED4621BBEAAA00529981 /* AddPlanVC.swift */ = {isa = PBXFileReference; lastKnownFileType = sourcecode.swift; path = AddPlanVC.swift; sourceTree = "<group>"; };
		C4598DA721B7F72400AB1EAE /* WE-DO.app */ = {isa = PBXFileReference; explicitFileType = wrapper.application; includeInIndex = 0; path = "WE-DO.app"; sourceTree = BUILT_PRODUCTS_DIR; };
		C4598DAA21B7F72400AB1EAE /* AppDelegate.swift */ = {isa = PBXFileReference; lastKnownFileType = sourcecode.swift; path = AppDelegate.swift; sourceTree = "<group>"; };
		C4598DAF21B7F72400AB1EAE /* Base */ = {isa = PBXFileReference; lastKnownFileType = file.storyboard; name = Base; path = Base.lproj/Main.storyboard; sourceTree = "<group>"; };
		C4598DB121B7F72700AB1EAE /* Assets.xcassets */ = {isa = PBXFileReference; lastKnownFileType = folder.assetcatalog; path = Assets.xcassets; sourceTree = "<group>"; };
		C4598DB421B7F72700AB1EAE /* Base */ = {isa = PBXFileReference; lastKnownFileType = file.storyboard; name = Base; path = Base.lproj/LaunchScreen.storyboard; sourceTree = "<group>"; };
		C4598DB621B7F72700AB1EAE /* Info.plist */ = {isa = PBXFileReference; lastKnownFileType = text.plist.xml; path = Info.plist; sourceTree = "<group>"; };
		C4598DBB21B7F72700AB1EAE /* WE-DOTests.xctest */ = {isa = PBXFileReference; explicitFileType = wrapper.cfbundle; includeInIndex = 0; path = "WE-DOTests.xctest"; sourceTree = BUILT_PRODUCTS_DIR; };
		C4598DBF21B7F72700AB1EAE /* WE_DOTests.swift */ = {isa = PBXFileReference; lastKnownFileType = sourcecode.swift; path = WE_DOTests.swift; sourceTree = "<group>"; };
		C4598DC121B7F72700AB1EAE /* Info.plist */ = {isa = PBXFileReference; lastKnownFileType = text.plist.xml; path = Info.plist; sourceTree = "<group>"; };
		C470EF6C21C8FCC5008173C1 /* EmailAuthVC.swift */ = {isa = PBXFileReference; lastKnownFileType = sourcecode.swift; path = EmailAuthVC.swift; sourceTree = "<group>"; };
		C470EF6E21C962CA008173C1 /* AuthService.swift */ = {isa = PBXFileReference; lastKnownFileType = sourcecode.swift; path = AuthService.swift; sourceTree = "<group>"; };
		C479E05621B876D1007D8C10 /* GoogleService-Info.plist */ = {isa = PBXFileReference; fileEncoding = 4; lastKnownFileType = text.plist.xml; path = "GoogleService-Info.plist"; sourceTree = "<group>"; };
		C493862A21BD75A4003C5B4C /* PlanMapCVC.swift */ = {isa = PBXFileReference; lastKnownFileType = sourcecode.swift; path = PlanMapCVC.swift; sourceTree = "<group>"; };
		C493862C21BD75DA003C5B4C /* AddActivityCVC.swift */ = {isa = PBXFileReference; lastKnownFileType = sourcecode.swift; path = AddActivityCVC.swift; sourceTree = "<group>"; };
		C493862E21BD79E5003C5B4C /* PlanTagCells.swift */ = {isa = PBXFileReference; lastKnownFileType = sourcecode.swift; path = PlanTagCells.swift; sourceTree = "<group>"; };
		C493862F21BD79E5003C5B4C /* PlanTagCells.xib */ = {isa = PBXFileReference; lastKnownFileType = file.xib; path = PlanTagCells.xib; sourceTree = "<group>"; };
		C493863221BD7ACE003C5B4C /* UIColorExtension.swift */ = {isa = PBXFileReference; fileEncoding = 4; lastKnownFileType = sourcecode.swift; path = UIColorExtension.swift; sourceTree = "<group>"; };
		C493863321BD7ACE003C5B4C /* StringExtension.swift */ = {isa = PBXFileReference; fileEncoding = 4; lastKnownFileType = sourcecode.swift; path = StringExtension.swift; sourceTree = "<group>"; };
		C493863421BD7ACF003C5B4C /* UIColorInputError.swift */ = {isa = PBXFileReference; fileEncoding = 4; lastKnownFileType = sourcecode.swift; path = UIColorInputError.swift; sourceTree = "<group>"; };
		C493863821BD8586003C5B4C /* CustomLabel.swift */ = {isa = PBXFileReference; fileEncoding = 4; lastKnownFileType = sourcecode.swift; path = CustomLabel.swift; sourceTree = "<group>"; };
		C49F762321B9D441007A79B8 /* Constants.swift */ = {isa = PBXFileReference; lastKnownFileType = sourcecode.swift; path = Constants.swift; sourceTree = "<group>"; };
		C49F762721B9D4A2007A79B8 /* Extensions.swift */ = {isa = PBXFileReference; lastKnownFileType = sourcecode.swift; path = Extensions.swift; sourceTree = "<group>"; };
		C49F762921B9D827007A79B8 /* ViewClasses.swift */ = {isa = PBXFileReference; lastKnownFileType = sourcecode.swift; path = ViewClasses.swift; sourceTree = "<group>"; };
		C49F762B21B9DA77007A79B8 /* AuthVC.swift */ = {isa = PBXFileReference; lastKnownFileType = sourcecode.swift; path = AuthVC.swift; sourceTree = "<group>"; };
		C4A19F0721BA8132004ED293 /* WDUser.swift */ = {isa = PBXFileReference; lastKnownFileType = sourcecode.swift; path = WDUser.swift; sourceTree = "<group>"; };
		C4A19F0921BA8359004ED293 /* DataService.swift */ = {isa = PBXFileReference; lastKnownFileType = sourcecode.swift; path = DataService.swift; sourceTree = "<group>"; };
		C4A19F0B21BA9BCA004ED293 /* WDPlan.swift */ = {isa = PBXFileReference; lastKnownFileType = sourcecode.swift; path = WDPlan.swift; sourceTree = "<group>"; };
		C4A19F0D21BA9BDB004ED293 /* WDActivity.swift */ = {isa = PBXFileReference; lastKnownFileType = sourcecode.swift; path = WDActivity.swift; sourceTree = "<group>"; };
		C4A19F0F21BA9F26004ED293 /* WDTags.swift */ = {isa = PBXFileReference; lastKnownFileType = sourcecode.swift; path = WDTags.swift; sourceTree = "<group>"; };
		C4A19F1121BAA519004ED293 /* HomeVC.swift */ = {isa = PBXFileReference; lastKnownFileType = sourcecode.swift; path = HomeVC.swift; sourceTree = "<group>"; };
		C4B635F221C6E8FC00BFC71A /* MaterialButtons.swift */ = {isa = PBXFileReference; fileEncoding = 4; lastKnownFileType = sourcecode.swift; path = MaterialButtons.swift; sourceTree = "<group>"; };
		C4B635F321C6E8FF00BFC71A /* MaterialView.swift */ = {isa = PBXFileReference; fileEncoding = 4; lastKnownFileType = sourcecode.swift; path = MaterialView.swift; sourceTree = "<group>"; };
		C4B635F421C6E90200BFC71A /* ShadowViews.swift */ = {isa = PBXFileReference; fileEncoding = 4; lastKnownFileType = sourcecode.swift; path = ShadowViews.swift; sourceTree = "<group>"; };
		C4B635F521C6E90600BFC71A /* MaterialTextField.swift */ = {isa = PBXFileReference; fileEncoding = 4; lastKnownFileType = sourcecode.swift; path = MaterialTextField.swift; sourceTree = "<group>"; };
		C4B635F621C6E90900BFC71A /* GradientView.swift */ = {isa = PBXFileReference; fileEncoding = 4; lastKnownFileType = sourcecode.swift; path = GradientView.swift; sourceTree = "<group>"; };
		C4B635F721C6E90C00BFC71A /* CustomImageView.swift */ = {isa = PBXFileReference; fileEncoding = 4; lastKnownFileType = sourcecode.swift; path = CustomImageView.swift; sourceTree = "<group>"; };
		C4B635F821C6E90F00BFC71A /* RoundTextField.swift */ = {isa = PBXFileReference; fileEncoding = 4; lastKnownFileType = sourcecode.swift; path = RoundTextField.swift; sourceTree = "<group>"; };
		C4C272C121C0675D00EDED51 /* SwiftyJSON.swift */ = {isa = PBXFileReference; fileEncoding = 4; lastKnownFileType = sourcecode.swift; path = SwiftyJSON.swift; sourceTree = "<group>"; };
		C4D35F8921BC8C32008E27E3 /* MapSearchCell.swift */ = {isa = PBXFileReference; lastKnownFileType = sourcecode.swift; path = MapSearchCell.swift; sourceTree = "<group>"; };
		C4D35F8A21BC8C32008E27E3 /* MapSearchCell.xib */ = {isa = PBXFileReference; lastKnownFileType = file.xib; path = MapSearchCell.xib; sourceTree = "<group>"; };
		C4E7E2AF21C6418900FD68E9 /* PlacesPhotoEngine.swift */ = {isa = PBXFileReference; lastKnownFileType = sourcecode.swift; path = PlacesPhotoEngine.swift; sourceTree = "<group>"; };
		C4E7E2B121C6C26400FD68E9 /* InviteeVC.swift */ = {isa = PBXFileReference; lastKnownFileType = sourcecode.swift; path = InviteeVC.swift; sourceTree = "<group>"; };
		C4E7E2B321C6C33900FD68E9 /* InviteeCell.swift */ = {isa = PBXFileReference; lastKnownFileType = sourcecode.swift; path = InviteeCell.swift; sourceTree = "<group>"; };
		C4E7E2B421C6C33900FD68E9 /* InviteeCell.xib */ = {isa = PBXFileReference; lastKnownFileType = file.xib; path = InviteeCell.xib; sourceTree = "<group>"; };
		C4FD7B1E21C5A7A40098D5A9 /* GSMapVC.swift */ = {isa = PBXFileReference; lastKnownFileType = sourcecode.swift; path = GSMapVC.swift; sourceTree = "<group>"; };
		C4FD7B2021C5DEB70098D5A9 /* LoggerService.swift */ = {isa = PBXFileReference; lastKnownFileType = sourcecode.swift; path = LoggerService.swift; sourceTree = "<group>"; };
		D978D2B0AF532385DF8A870B /* Pods_WE_DOTests.framework */ = {isa = PBXFileReference; explicitFileType = wrapper.framework; includeInIndex = 0; path = Pods_WE_DOTests.framework; sourceTree = BUILT_PRODUCTS_DIR; };
		E4FF1F71B679CC9C9CB4BD26 /* Pods-WE-DOTests.release.xcconfig */ = {isa = PBXFileReference; includeInIndex = 1; lastKnownFileType = text.xcconfig; name = "Pods-WE-DOTests.release.xcconfig"; path = "Pods/Target Support Files/Pods-WE-DOTests/Pods-WE-DOTests.release.xcconfig"; sourceTree = "<group>"; };
		F32D1A8F3AC87A7B54F815C2 /* Pods-WE-DO.release.xcconfig */ = {isa = PBXFileReference; includeInIndex = 1; lastKnownFileType = text.xcconfig; name = "Pods-WE-DO.release.xcconfig"; path = "Pods/Target Support Files/Pods-WE-DO/Pods-WE-DO.release.xcconfig"; sourceTree = "<group>"; };
/* End PBXFileReference section */

/* Begin PBXFrameworksBuildPhase section */
		C4598DA421B7F72400AB1EAE /* Frameworks */ = {
			isa = PBXFrameworksBuildPhase;
			buildActionMask = 2147483647;
			files = (
				723D8EC7ACF68F8D273A1981 /* Pods_WE_DO.framework in Frameworks */,
			);
			runOnlyForDeploymentPostprocessing = 0;
		};
		C4598DB821B7F72700AB1EAE /* Frameworks */ = {
			isa = PBXFrameworksBuildPhase;
			buildActionMask = 2147483647;
			files = (
				83267B32B0664E914226F4C5 /* Pods_WE_DOTests.framework in Frameworks */,
			);
			runOnlyForDeploymentPostprocessing = 0;
		};
/* End PBXFrameworksBuildPhase section */

/* Begin PBXGroup section */
		C404D48821C8716400C2FC76 /* Auth */ = {
			isa = PBXGroup;
			children = (
				C49F762B21B9DA77007A79B8 /* AuthVC.swift */,
				C404D48921C8725500C2FC76 /* WelcomeVC.swift */,
				C470EF6C21C8FCC5008173C1 /* EmailAuthVC.swift */,
			);
			name = Auth;
			path = "New Group";
			sourceTree = "<group>";
		};
		C4598D9E21B7F72400AB1EAE = {
			isa = PBXGroup;
			children = (
				C4598DA921B7F72400AB1EAE /* WE-DO */,
				C4598DBE21B7F72700AB1EAE /* WE-DOTests */,
				C4598DA821B7F72400AB1EAE /* Products */,
				D57E051C86CBADAF2D874C78 /* Pods */,
				EA67B44F7AE4FD80C178A6BF /* Frameworks */,
			);
			sourceTree = "<group>";
		};
		C4598DA821B7F72400AB1EAE /* Products */ = {
			isa = PBXGroup;
			children = (
				C4598DA721B7F72400AB1EAE /* WE-DO.app */,
				C4598DBB21B7F72700AB1EAE /* WE-DOTests.xctest */,
			);
			name = Products;
			sourceTree = "<group>";
		};
		C4598DA921B7F72400AB1EAE /* WE-DO */ = {
			isa = PBXGroup;
			children = (
				C49F762221B9D404007A79B8 /* Services */,
				C49F762121B9D3F7007A79B8 /* Sources */,
				C49F762021B9D3E0007A79B8 /* Models+ModelLogic */,
				C49F761F21B9D3D7007A79B8 /* Views */,
				C49F761E21B9D3CA007A79B8 /* Contoller */,
				C4598DB121B7F72700AB1EAE /* Assets.xcassets */,
				C4598DB321B7F72700AB1EAE /* LaunchScreen.storyboard */,
				C4598DB621B7F72700AB1EAE /* Info.plist */,
				C479E05621B876D1007D8C10 /* GoogleService-Info.plist */,
			);
			path = "WE-DO";
			sourceTree = "<group>";
		};
		C4598DBE21B7F72700AB1EAE /* WE-DOTests */ = {
			isa = PBXGroup;
			children = (
				C4598DBF21B7F72700AB1EAE /* WE_DOTests.swift */,
				C4598DC121B7F72700AB1EAE /* Info.plist */,
			);
			path = "WE-DOTests";
			sourceTree = "<group>";
		};
		C493862921BD7562003C5B4C /* AddPlan Controllers */ = {
			isa = PBXGroup;
			children = (
				C43EED4621BBEAAA00529981 /* AddPlanVC.swift */,
				C493862A21BD75A4003C5B4C /* PlanMapCVC.swift */,
				C493862C21BD75DA003C5B4C /* AddActivityCVC.swift */,
				C4FD7B1E21C5A7A40098D5A9 /* GSMapVC.swift */,
				C4E7E2B121C6C26400FD68E9 /* InviteeVC.swift */,
			);
			path = "AddPlan Controllers";
			sourceTree = "<group>";
		};
		C49F761E21B9D3CA007A79B8 /* Contoller */ = {
			isa = PBXGroup;
			children = (
				C404D48821C8716400C2FC76 /* Auth */,
				C493862921BD7562003C5B4C /* AddPlan Controllers */,
				C4598DAA21B7F72400AB1EAE /* AppDelegate.swift */,
				C4A19F1121BAA519004ED293 /* HomeVC.swift */,
			);
			path = Contoller;
			sourceTree = "<group>";
		};
		C49F761F21B9D3D7007A79B8 /* Views */ = {
			isa = PBXGroup;
			children = (
				C4B635F721C6E90C00BFC71A /* CustomImageView.swift */,
				C4B635F621C6E90900BFC71A /* GradientView.swift */,
				C4B635F221C6E8FC00BFC71A /* MaterialButtons.swift */,
				C4B635F521C6E90600BFC71A /* MaterialTextField.swift */,
				C4B635F321C6E8FF00BFC71A /* MaterialView.swift */,
				C4B635F821C6E90F00BFC71A /* RoundTextField.swift */,
				C4B635F421C6E90200BFC71A /* ShadowViews.swift */,
				C4598DAE21B7F72400AB1EAE /* Main.storyboard */,
				C49F762921B9D827007A79B8 /* ViewClasses.swift */,
				C4D35F8921BC8C32008E27E3 /* MapSearchCell.swift */,
				C4D35F8A21BC8C32008E27E3 /* MapSearchCell.xib */,
				C493862E21BD79E5003C5B4C /* PlanTagCells.swift */,
				C493862F21BD79E5003C5B4C /* PlanTagCells.xib */,
				C493863821BD8586003C5B4C /* CustomLabel.swift */,
				C425D90921BFE79D007BF62E /* WDActivityCell.swift */,
				C425D90A21BFE79D007BF62E /* WDActivityCell.xib */,
				C4E7E2B321C6C33900FD68E9 /* InviteeCell.swift */,
				C4E7E2B421C6C33900FD68E9 /* InviteeCell.xib */,
			);
			path = Views;
			sourceTree = "<group>";
		};
		C49F762021B9D3E0007A79B8 /* Models+ModelLogic */ = {
			isa = PBXGroup;
			children = (
				C4A19F0721BA8132004ED293 /* WDUser.swift */,
				C4A19F0B21BA9BCA004ED293 /* WDPlan.swift */,
				C4A19F0D21BA9BDB004ED293 /* WDActivity.swift */,
				C4A19F0F21BA9F26004ED293 /* WDTags.swift */,
			);
			path = "Models+ModelLogic";
			sourceTree = "<group>";
		};
		C49F762121B9D3F7007A79B8 /* Sources */ = {
			isa = PBXGroup;
			children = (
				C4C272C121C0675D00EDED51 /* SwiftyJSON.swift */,
				C493863321BD7ACE003C5B4C /* StringExtension.swift */,
				C493863221BD7ACE003C5B4C /* UIColorExtension.swift */,
				C493863421BD7ACF003C5B4C /* UIColorInputError.swift */,
				C49F762321B9D441007A79B8 /* Constants.swift */,
				C49F762721B9D4A2007A79B8 /* Extensions.swift */,
				C432E15921CBB27F009C8A2B /* Enums.swift */,
			);
			path = Sources;
			sourceTree = "<group>";
		};
		C49F762221B9D404007A79B8 /* Services */ = {
			isa = PBXGroup;
			children = (
				C4A19F0921BA8359004ED293 /* DataService.swift */,
				C4FD7B2021C5DEB70098D5A9 /* LoggerService.swift */,
				C4E7E2AF21C6418900FD68E9 /* PlacesPhotoEngine.swift */,
				C470EF6E21C962CA008173C1 /* AuthService.swift */,
			);
			path = Services;
			sourceTree = "<group>";
		};
		D57E051C86CBADAF2D874C78 /* Pods */ = {
			isa = PBXGroup;
			children = (
				7E5BC3C91705584647D88572 /* Pods-WE-DO.debug.xcconfig */,
				F32D1A8F3AC87A7B54F815C2 /* Pods-WE-DO.release.xcconfig */,
				9CCE2A2E596EFCA50E7246BB /* Pods-WE-DOTests.debug.xcconfig */,
				E4FF1F71B679CC9C9CB4BD26 /* Pods-WE-DOTests.release.xcconfig */,
			);
			name = Pods;
			sourceTree = "<group>";
		};
		EA67B44F7AE4FD80C178A6BF /* Frameworks */ = {
			isa = PBXGroup;
			children = (
				36803BF0CADC34349B3774F4 /* Pods_WE_DO.framework */,
				D978D2B0AF532385DF8A870B /* Pods_WE_DOTests.framework */,
			);
			name = Frameworks;
			sourceTree = "<group>";
		};
/* End PBXGroup section */

/* Begin PBXNativeTarget section */
		C4598DA621B7F72400AB1EAE /* WE-DO */ = {
			isa = PBXNativeTarget;
			buildConfigurationList = C4598DC421B7F72700AB1EAE /* Build configuration list for PBXNativeTarget "WE-DO" */;
			buildPhases = (
				C258788E4A86456DC94B5CF2 /* [CP] Check Pods Manifest.lock */,
				C4598DA321B7F72400AB1EAE /* Sources */,
				C4598DA421B7F72400AB1EAE /* Frameworks */,
				C4598DA521B7F72400AB1EAE /* Resources */,
				2427302F197CF52576E3EF7A /* [CP] Embed Pods Frameworks */,
				895CBC628FA558312064623F /* [CP] Copy Pods Resources */,
			);
			buildRules = (
			);
			dependencies = (
			);
			name = "WE-DO";
			productName = "WE-DO";
			productReference = C4598DA721B7F72400AB1EAE /* WE-DO.app */;
			productType = "com.apple.product-type.application";
		};
		C4598DBA21B7F72700AB1EAE /* WE-DOTests */ = {
			isa = PBXNativeTarget;
			buildConfigurationList = C4598DC721B7F72700AB1EAE /* Build configuration list for PBXNativeTarget "WE-DOTests" */;
			buildPhases = (
				F0D76493E3B7EF5528DE0FDD /* [CP] Check Pods Manifest.lock */,
				C4598DB721B7F72700AB1EAE /* Sources */,
				C4598DB821B7F72700AB1EAE /* Frameworks */,
				C4598DB921B7F72700AB1EAE /* Resources */,
			);
			buildRules = (
			);
			dependencies = (
				C4598DBD21B7F72700AB1EAE /* PBXTargetDependency */,
			);
			name = "WE-DOTests";
			productName = "WE-DOTests";
			productReference = C4598DBB21B7F72700AB1EAE /* WE-DOTests.xctest */;
			productType = "com.apple.product-type.bundle.unit-test";
		};
/* End PBXNativeTarget section */

/* Begin PBXProject section */
		C4598D9F21B7F72400AB1EAE /* Project object */ = {
			isa = PBXProject;
			attributes = {
				LastSwiftUpdateCheck = 1010;
				LastUpgradeCheck = 1010;
				ORGANIZATIONNAME = "Mensah Shadrach";
				TargetAttributes = {
					C4598DA621B7F72400AB1EAE = {
						CreatedOnToolsVersion = 10.1;
					};
					C4598DBA21B7F72700AB1EAE = {
						CreatedOnToolsVersion = 10.1;
						TestTargetID = C4598DA621B7F72400AB1EAE;
					};
				};
			};
			buildConfigurationList = C4598DA221B7F72400AB1EAE /* Build configuration list for PBXProject "WE-DO" */;
			compatibilityVersion = "Xcode 9.3";
			developmentRegion = en;
			hasScannedForEncodings = 0;
			knownRegions = (
				en,
				Base,
			);
			mainGroup = C4598D9E21B7F72400AB1EAE;
			productRefGroup = C4598DA821B7F72400AB1EAE /* Products */;
			projectDirPath = "";
			projectRoot = "";
			targets = (
				C4598DA621B7F72400AB1EAE /* WE-DO */,
				C4598DBA21B7F72700AB1EAE /* WE-DOTests */,
			);
		};
/* End PBXProject section */

/* Begin PBXResourcesBuildPhase section */
		C4598DA521B7F72400AB1EAE /* Resources */ = {
			isa = PBXResourcesBuildPhase;
			buildActionMask = 2147483647;
			files = (
				C4598DB521B7F72700AB1EAE /* LaunchScreen.storyboard in Resources */,
				C4598DB221B7F72700AB1EAE /* Assets.xcassets in Resources */,
				C4598DB021B7F72400AB1EAE /* Main.storyboard in Resources */,
				C493863121BD79E5003C5B4C /* PlanTagCells.xib in Resources */,
				C4E7E2B621C6C33900FD68E9 /* InviteeCell.xib in Resources */,
				C479E05721B876D1007D8C10 /* GoogleService-Info.plist in Resources */,
				C4D35F8C21BC8C32008E27E3 /* MapSearchCell.xib in Resources */,
				C425D90C21BFE79D007BF62E /* WDActivityCell.xib in Resources */,
			);
			runOnlyForDeploymentPostprocessing = 0;
		};
		C4598DB921B7F72700AB1EAE /* Resources */ = {
			isa = PBXResourcesBuildPhase;
			buildActionMask = 2147483647;
			files = (
			);
			runOnlyForDeploymentPostprocessing = 0;
		};
/* End PBXResourcesBuildPhase section */

/* Begin PBXShellScriptBuildPhase section */
		2427302F197CF52576E3EF7A /* [CP] Embed Pods Frameworks */ = {
			isa = PBXShellScriptBuildPhase;
			buildActionMask = 2147483647;
			files = (
			);
			inputFileListPaths = (
			);
			inputPaths = (
				"${SRCROOT}/Pods/Target Support Files/Pods-WE-DO/Pods-WE-DO-frameworks.sh",
				"${BUILT_PRODUCTS_DIR}/Bolts/Bolts.framework",
				"${BUILT_PRODUCTS_DIR}/BoringSSL/openssl.framework",
				"${BUILT_PRODUCTS_DIR}/FBSDKCoreKit/FBSDKCoreKit.framework",
				"${BUILT_PRODUCTS_DIR}/FBSDKLoginKit/FBSDKLoginKit.framework",
				"${BUILT_PRODUCTS_DIR}/FacebookCore/FacebookCore.framework",
				"${BUILT_PRODUCTS_DIR}/FacebookLogin/FacebookLogin.framework",
				"${BUILT_PRODUCTS_DIR}/GTMSessionFetcher/GTMSessionFetcher.framework",
				"${BUILT_PRODUCTS_DIR}/GoogleUtilities/GoogleUtilities.framework",
				"${BUILT_PRODUCTS_DIR}/Protobuf/Protobuf.framework",
				"${BUILT_PRODUCTS_DIR}/SDWebImage/SDWebImage.framework",
				"${BUILT_PRODUCTS_DIR}/gRPC/GRPCClient.framework",
				"${BUILT_PRODUCTS_DIR}/gRPC-C++/grpcpp.framework",
				"${BUILT_PRODUCTS_DIR}/gRPC-Core/grpc.framework",
				"${BUILT_PRODUCTS_DIR}/gRPC-ProtoRPC/ProtoRPC.framework",
				"${BUILT_PRODUCTS_DIR}/gRPC-RxLibrary/RxLibrary.framework",
				"${BUILT_PRODUCTS_DIR}/leveldb-library/leveldb.framework",
				"${BUILT_PRODUCTS_DIR}/nanopb/nanopb.framework",
			);
			name = "[CP] Embed Pods Frameworks";
			outputFileListPaths = (
			);
			outputPaths = (
				"${TARGET_BUILD_DIR}/${FRAMEWORKS_FOLDER_PATH}/Bolts.framework",
				"${TARGET_BUILD_DIR}/${FRAMEWORKS_FOLDER_PATH}/openssl.framework",
				"${TARGET_BUILD_DIR}/${FRAMEWORKS_FOLDER_PATH}/FBSDKCoreKit.framework",
				"${TARGET_BUILD_DIR}/${FRAMEWORKS_FOLDER_PATH}/FBSDKLoginKit.framework",
				"${TARGET_BUILD_DIR}/${FRAMEWORKS_FOLDER_PATH}/FacebookCore.framework",
				"${TARGET_BUILD_DIR}/${FRAMEWORKS_FOLDER_PATH}/FacebookLogin.framework",
				"${TARGET_BUILD_DIR}/${FRAMEWORKS_FOLDER_PATH}/GTMSessionFetcher.framework",
				"${TARGET_BUILD_DIR}/${FRAMEWORKS_FOLDER_PATH}/GoogleUtilities.framework",
				"${TARGET_BUILD_DIR}/${FRAMEWORKS_FOLDER_PATH}/Protobuf.framework",
				"${TARGET_BUILD_DIR}/${FRAMEWORKS_FOLDER_PATH}/SDWebImage.framework",
				"${TARGET_BUILD_DIR}/${FRAMEWORKS_FOLDER_PATH}/GRPCClient.framework",
				"${TARGET_BUILD_DIR}/${FRAMEWORKS_FOLDER_PATH}/grpcpp.framework",
				"${TARGET_BUILD_DIR}/${FRAMEWORKS_FOLDER_PATH}/grpc.framework",
				"${TARGET_BUILD_DIR}/${FRAMEWORKS_FOLDER_PATH}/ProtoRPC.framework",
				"${TARGET_BUILD_DIR}/${FRAMEWORKS_FOLDER_PATH}/RxLibrary.framework",
				"${TARGET_BUILD_DIR}/${FRAMEWORKS_FOLDER_PATH}/leveldb.framework",
				"${TARGET_BUILD_DIR}/${FRAMEWORKS_FOLDER_PATH}/nanopb.framework",
			);
			runOnlyForDeploymentPostprocessing = 0;
			shellPath = /bin/sh;
			shellScript = "\"${SRCROOT}/Pods/Target Support Files/Pods-WE-DO/Pods-WE-DO-frameworks.sh\"\n";
			showEnvVarsInLog = 0;
		};
		895CBC628FA558312064623F /* [CP] Copy Pods Resources */ = {
			isa = PBXShellScriptBuildPhase;
			buildActionMask = 2147483647;
			files = (
			);
			inputFileListPaths = (
			);
			inputPaths = (
				"${SRCROOT}/Pods/Target Support Files/Pods-WE-DO/Pods-WE-DO-resources.sh",
				"${PODS_ROOT}/GoogleMaps/Maps/Frameworks/GoogleMaps.framework/Resources/GoogleMaps.bundle",
				"${PODS_ROOT}/GooglePlaces/Frameworks/GooglePlaces.framework/Resources/GooglePlaces.bundle",
			);
			name = "[CP] Copy Pods Resources";
			outputFileListPaths = (
			);
			outputPaths = (
				"${TARGET_BUILD_DIR}/${UNLOCALIZED_RESOURCES_FOLDER_PATH}/GoogleMaps.bundle",
				"${TARGET_BUILD_DIR}/${UNLOCALIZED_RESOURCES_FOLDER_PATH}/GooglePlaces.bundle",
			);
			runOnlyForDeploymentPostprocessing = 0;
			shellPath = /bin/sh;
			shellScript = "\"${SRCROOT}/Pods/Target Support Files/Pods-WE-DO/Pods-WE-DO-resources.sh\"\n";
			showEnvVarsInLog = 0;
		};
		C258788E4A86456DC94B5CF2 /* [CP] Check Pods Manifest.lock */ = {
			isa = PBXShellScriptBuildPhase;
			buildActionMask = 2147483647;
			files = (
			);
			inputFileListPaths = (
			);
			inputPaths = (
				"${PODS_PODFILE_DIR_PATH}/Podfile.lock",
				"${PODS_ROOT}/Manifest.lock",
			);
			name = "[CP] Check Pods Manifest.lock";
			outputFileListPaths = (
			);
			outputPaths = (
				"$(DERIVED_FILE_DIR)/Pods-WE-DO-checkManifestLockResult.txt",
			);
			runOnlyForDeploymentPostprocessing = 0;
			shellPath = /bin/sh;
			shellScript = "diff \"${PODS_PODFILE_DIR_PATH}/Podfile.lock\" \"${PODS_ROOT}/Manifest.lock\" > /dev/null\nif [ $? != 0 ] ; then\n    # print error to STDERR\n    echo \"error: The sandbox is not in sync with the Podfile.lock. Run 'pod install' or update your CocoaPods installation.\" >&2\n    exit 1\nfi\n# This output is used by Xcode 'outputs' to avoid re-running this script phase.\necho \"SUCCESS\" > \"${SCRIPT_OUTPUT_FILE_0}\"\n";
			showEnvVarsInLog = 0;
		};
		F0D76493E3B7EF5528DE0FDD /* [CP] Check Pods Manifest.lock */ = {
			isa = PBXShellScriptBuildPhase;
			buildActionMask = 2147483647;
			files = (
			);
			inputFileListPaths = (
			);
			inputPaths = (
				"${PODS_PODFILE_DIR_PATH}/Podfile.lock",
				"${PODS_ROOT}/Manifest.lock",
			);
			name = "[CP] Check Pods Manifest.lock";
			outputFileListPaths = (
			);
			outputPaths = (
				"$(DERIVED_FILE_DIR)/Pods-WE-DOTests-checkManifestLockResult.txt",
			);
			runOnlyForDeploymentPostprocessing = 0;
			shellPath = /bin/sh;
			shellScript = "diff \"${PODS_PODFILE_DIR_PATH}/Podfile.lock\" \"${PODS_ROOT}/Manifest.lock\" > /dev/null\nif [ $? != 0 ] ; then\n    # print error to STDERR\n    echo \"error: The sandbox is not in sync with the Podfile.lock. Run 'pod install' or update your CocoaPods installation.\" >&2\n    exit 1\nfi\n# This output is used by Xcode 'outputs' to avoid re-running this script phase.\necho \"SUCCESS\" > \"${SCRIPT_OUTPUT_FILE_0}\"\n";
			showEnvVarsInLog = 0;
		};
/* End PBXShellScriptBuildPhase section */

/* Begin PBXSourcesBuildPhase section */
		C4598DA321B7F72400AB1EAE /* Sources */ = {
			isa = PBXSourcesBuildPhase;
			buildActionMask = 2147483647;
			files = (
				C4B635FA21C6E90F00BFC71A /* MaterialView.swift in Sources */,
				C493863521BD7AD0003C5B4C /* UIColorExtension.swift in Sources */,
				C4B635FB21C6E90F00BFC71A /* ShadowViews.swift in Sources */,
				C49F762C21B9DA77007A79B8 /* AuthVC.swift in Sources */,
				C4A19F0A21BA8359004ED293 /* DataService.swift in Sources */,
				C4C272C221C0675E00EDED51 /* SwiftyJSON.swift in Sources */,
				C49F762A21B9D827007A79B8 /* ViewClasses.swift in Sources */,
				C4B635FE21C6E90F00BFC71A /* CustomImageView.swift in Sources */,
				C4B635FF21C6E90F00BFC71A /* RoundTextField.swift in Sources */,
				C43EED4721BBEAAA00529981 /* AddPlanVC.swift in Sources */,
				C4B635FC21C6E90F00BFC71A /* MaterialTextField.swift in Sources */,
				C4A19F1021BA9F26004ED293 /* WDTags.swift in Sources */,
				C49F762821B9D4A2007A79B8 /* Extensions.swift in Sources */,
				C4E7E2B521C6C33900FD68E9 /* InviteeCell.swift in Sources */,
				C493862B21BD75A4003C5B4C /* PlanMapCVC.swift in Sources */,
				C493863021BD79E5003C5B4C /* PlanTagCells.swift in Sources */,
				C493862D21BD75DA003C5B4C /* AddActivityCVC.swift in Sources */,
				C4D35F8B21BC8C32008E27E3 /* MapSearchCell.swift in Sources */,
				C432E15A21CBB27F009C8A2B /* Enums.swift in Sources */,
				C493863921BD8586003C5B4C /* CustomLabel.swift in Sources */,
				C470EF6D21C8FCC5008173C1 /* EmailAuthVC.swift in Sources */,
				C4FD7B1F21C5A7A40098D5A9 /* GSMapVC.swift in Sources */,
				C4598DAB21B7F72400AB1EAE /* AppDelegate.swift in Sources */,
				C4E7E2B221C6C26400FD68E9 /* InviteeVC.swift in Sources */,
				C425D90B21BFE79D007BF62E /* WDActivityCell.swift in Sources */,
				C4A19F0C21BA9BCA004ED293 /* WDPlan.swift in Sources */,
				C4B635FD21C6E90F00BFC71A /* GradientView.swift in Sources */,
				C4E7E2B021C6418900FD68E9 /* PlacesPhotoEngine.swift in Sources */,
				C404D48A21C8725500C2FC76 /* WelcomeVC.swift in Sources */,
				C49F762421B9D441007A79B8 /* Constants.swift in Sources */,
				C493863621BD7AD0003C5B4C /* StringExtension.swift in Sources */,
				C470EF6F21C962CA008173C1 /* AuthService.swift in Sources */,
				C4B635F921C6E90F00BFC71A /* MaterialButtons.swift in Sources */,
				C4A19F0E21BA9BDB004ED293 /* WDActivity.swift in Sources */,
				C493863721BD7AD0003C5B4C /* UIColorInputError.swift in Sources */,
				C4A19F1221BAA519004ED293 /* HomeVC.swift in Sources */,
				C4A19F0821BA8132004ED293 /* WDUser.swift in Sources */,
				C4FD7B2121C5DEB70098D5A9 /* LoggerService.swift in Sources */,
			);
			runOnlyForDeploymentPostprocessing = 0;
		};
		C4598DB721B7F72700AB1EAE /* Sources */ = {
			isa = PBXSourcesBuildPhase;
			buildActionMask = 2147483647;
			files = (
				C4598DC021B7F72700AB1EAE /* WE_DOTests.swift in Sources */,
			);
			runOnlyForDeploymentPostprocessing = 0;
		};
/* End PBXSourcesBuildPhase section */

/* Begin PBXTargetDependency section */
		C4598DBD21B7F72700AB1EAE /* PBXTargetDependency */ = {
			isa = PBXTargetDependency;
			target = C4598DA621B7F72400AB1EAE /* WE-DO */;
			targetProxy = C4598DBC21B7F72700AB1EAE /* PBXContainerItemProxy */;
		};
/* End PBXTargetDependency section */

/* Begin PBXVariantGroup section */
		C4598DAE21B7F72400AB1EAE /* Main.storyboard */ = {
			isa = PBXVariantGroup;
			children = (
				C4598DAF21B7F72400AB1EAE /* Base */,
			);
			name = Main.storyboard;
			sourceTree = "<group>";
		};
		C4598DB321B7F72700AB1EAE /* LaunchScreen.storyboard */ = {
			isa = PBXVariantGroup;
			children = (
				C4598DB421B7F72700AB1EAE /* Base */,
			);
			name = LaunchScreen.storyboard;
			sourceTree = "<group>";
		};
/* End PBXVariantGroup section */

/* Begin XCBuildConfiguration section */
		C4598DC221B7F72700AB1EAE /* Debug */ = {
			isa = XCBuildConfiguration;
			buildSettings = {
				ALWAYS_SEARCH_USER_PATHS = NO;
				CLANG_ANALYZER_NONNULL = YES;
				CLANG_ANALYZER_NUMBER_OBJECT_CONVERSION = YES_AGGRESSIVE;
				CLANG_CXX_LANGUAGE_STANDARD = "gnu++14";
				CLANG_CXX_LIBRARY = "libc++";
				CLANG_ENABLE_MODULES = YES;
				CLANG_ENABLE_OBJC_ARC = YES;
				CLANG_ENABLE_OBJC_WEAK = YES;
				CLANG_WARN_BLOCK_CAPTURE_AUTORELEASING = YES;
				CLANG_WARN_BOOL_CONVERSION = YES;
				CLANG_WARN_COMMA = YES;
				CLANG_WARN_CONSTANT_CONVERSION = YES;
				CLANG_WARN_DEPRECATED_OBJC_IMPLEMENTATIONS = YES;
				CLANG_WARN_DIRECT_OBJC_ISA_USAGE = YES_ERROR;
				CLANG_WARN_DOCUMENTATION_COMMENTS = YES;
				CLANG_WARN_EMPTY_BODY = YES;
				CLANG_WARN_ENUM_CONVERSION = YES;
				CLANG_WARN_INFINITE_RECURSION = YES;
				CLANG_WARN_INT_CONVERSION = YES;
				CLANG_WARN_NON_LITERAL_NULL_CONVERSION = YES;
				CLANG_WARN_OBJC_IMPLICIT_RETAIN_SELF = YES;
				CLANG_WARN_OBJC_LITERAL_CONVERSION = YES;
				CLANG_WARN_OBJC_ROOT_CLASS = YES_ERROR;
				CLANG_WARN_RANGE_LOOP_ANALYSIS = YES;
				CLANG_WARN_STRICT_PROTOTYPES = YES;
				CLANG_WARN_SUSPICIOUS_MOVE = YES;
				CLANG_WARN_UNGUARDED_AVAILABILITY = YES_AGGRESSIVE;
				CLANG_WARN_UNREACHABLE_CODE = YES;
				CLANG_WARN__DUPLICATE_METHOD_MATCH = YES;
				CODE_SIGN_IDENTITY = "iPhone Developer";
				COPY_PHASE_STRIP = NO;
				DEBUG_INFORMATION_FORMAT = dwarf;
				ENABLE_STRICT_OBJC_MSGSEND = YES;
				ENABLE_TESTABILITY = YES;
				GCC_C_LANGUAGE_STANDARD = gnu11;
				GCC_DYNAMIC_NO_PIC = NO;
				GCC_NO_COMMON_BLOCKS = YES;
				GCC_OPTIMIZATION_LEVEL = 0;
				GCC_PREPROCESSOR_DEFINITIONS = (
					"DEBUG=1",
					"$(inherited)",
				);
				GCC_WARN_64_TO_32_BIT_CONVERSION = YES;
				GCC_WARN_ABOUT_RETURN_TYPE = YES_ERROR;
				GCC_WARN_UNDECLARED_SELECTOR = YES;
				GCC_WARN_UNINITIALIZED_AUTOS = YES_AGGRESSIVE;
				GCC_WARN_UNUSED_FUNCTION = YES;
				GCC_WARN_UNUSED_VARIABLE = YES;
				IPHONEOS_DEPLOYMENT_TARGET = 12.1;
				MTL_ENABLE_DEBUG_INFO = INCLUDE_SOURCE;
				MTL_FAST_MATH = YES;
				ONLY_ACTIVE_ARCH = YES;
				SDKROOT = iphoneos;
				SWIFT_ACTIVE_COMPILATION_CONDITIONS = DEBUG;
				SWIFT_OPTIMIZATION_LEVEL = "-Onone";
			};
			name = Debug;
		};
		C4598DC321B7F72700AB1EAE /* Release */ = {
			isa = XCBuildConfiguration;
			buildSettings = {
				ALWAYS_SEARCH_USER_PATHS = NO;
				CLANG_ANALYZER_NONNULL = YES;
				CLANG_ANALYZER_NUMBER_OBJECT_CONVERSION = YES_AGGRESSIVE;
				CLANG_CXX_LANGUAGE_STANDARD = "gnu++14";
				CLANG_CXX_LIBRARY = "libc++";
				CLANG_ENABLE_MODULES = YES;
				CLANG_ENABLE_OBJC_ARC = YES;
				CLANG_ENABLE_OBJC_WEAK = YES;
				CLANG_WARN_BLOCK_CAPTURE_AUTORELEASING = YES;
				CLANG_WARN_BOOL_CONVERSION = YES;
				CLANG_WARN_COMMA = YES;
				CLANG_WARN_CONSTANT_CONVERSION = YES;
				CLANG_WARN_DEPRECATED_OBJC_IMPLEMENTATIONS = YES;
				CLANG_WARN_DIRECT_OBJC_ISA_USAGE = YES_ERROR;
				CLANG_WARN_DOCUMENTATION_COMMENTS = YES;
				CLANG_WARN_EMPTY_BODY = YES;
				CLANG_WARN_ENUM_CONVERSION = YES;
				CLANG_WARN_INFINITE_RECURSION = YES;
				CLANG_WARN_INT_CONVERSION = YES;
				CLANG_WARN_NON_LITERAL_NULL_CONVERSION = YES;
				CLANG_WARN_OBJC_IMPLICIT_RETAIN_SELF = YES;
				CLANG_WARN_OBJC_LITERAL_CONVERSION = YES;
				CLANG_WARN_OBJC_ROOT_CLASS = YES_ERROR;
				CLANG_WARN_RANGE_LOOP_ANALYSIS = YES;
				CLANG_WARN_STRICT_PROTOTYPES = YES;
				CLANG_WARN_SUSPICIOUS_MOVE = YES;
				CLANG_WARN_UNGUARDED_AVAILABILITY = YES_AGGRESSIVE;
				CLANG_WARN_UNREACHABLE_CODE = YES;
				CLANG_WARN__DUPLICATE_METHOD_MATCH = YES;
				CODE_SIGN_IDENTITY = "iPhone Developer";
				COPY_PHASE_STRIP = NO;
				DEBUG_INFORMATION_FORMAT = "dwarf-with-dsym";
				ENABLE_NS_ASSERTIONS = NO;
				ENABLE_STRICT_OBJC_MSGSEND = YES;
				GCC_C_LANGUAGE_STANDARD = gnu11;
				GCC_NO_COMMON_BLOCKS = YES;
				GCC_WARN_64_TO_32_BIT_CONVERSION = YES;
				GCC_WARN_ABOUT_RETURN_TYPE = YES_ERROR;
				GCC_WARN_UNDECLARED_SELECTOR = YES;
				GCC_WARN_UNINITIALIZED_AUTOS = YES_AGGRESSIVE;
				GCC_WARN_UNUSED_FUNCTION = YES;
				GCC_WARN_UNUSED_VARIABLE = YES;
				IPHONEOS_DEPLOYMENT_TARGET = 12.1;
				MTL_ENABLE_DEBUG_INFO = NO;
				MTL_FAST_MATH = YES;
				SDKROOT = iphoneos;
				SWIFT_COMPILATION_MODE = wholemodule;
				SWIFT_OPTIMIZATION_LEVEL = "-O";
				VALIDATE_PRODUCT = YES;
			};
			name = Release;
		};
		C4598DC521B7F72700AB1EAE /* Debug */ = {
			isa = XCBuildConfiguration;
			baseConfigurationReference = 7E5BC3C91705584647D88572 /* Pods-WE-DO.debug.xcconfig */;
			buildSettings = {
				ASSETCATALOG_COMPILER_APPICON_NAME = AppIcon;
				CODE_SIGN_STYLE = Automatic;
				DEVELOPMENT_TEAM = Y86G6TS245;
				INFOPLIST_FILE = "WE-DO/Info.plist";
				LD_RUNPATH_SEARCH_PATHS = (
					"$(inherited)",
					"@executable_path/Frameworks",
				);
				PRODUCT_BUNDLE_IDENTIFIER = "com.wedoapp.WE-DO";
				PRODUCT_NAME = "$(TARGET_NAME)";
				SWIFT_VERSION = 4.2;
				TARGETED_DEVICE_FAMILY = "1,2";
			};
			name = Debug;
		};
		C4598DC621B7F72700AB1EAE /* Release */ = {
			isa = XCBuildConfiguration;
			baseConfigurationReference = F32D1A8F3AC87A7B54F815C2 /* Pods-WE-DO.release.xcconfig */;
			buildSettings = {
				ASSETCATALOG_COMPILER_APPICON_NAME = AppIcon;
				CODE_SIGN_STYLE = Automatic;
				DEVELOPMENT_TEAM = Y86G6TS245;
				INFOPLIST_FILE = "WE-DO/Info.plist";
				LD_RUNPATH_SEARCH_PATHS = (
					"$(inherited)",
					"@executable_path/Frameworks",
				);
				PRODUCT_BUNDLE_IDENTIFIER = "com.wedoapp.WE-DO";
				PRODUCT_NAME = "$(TARGET_NAME)";
				SWIFT_VERSION = 4.2;
				TARGETED_DEVICE_FAMILY = "1,2";
			};
			name = Release;
		};
		C4598DC821B7F72700AB1EAE /* Debug */ = {
			isa = XCBuildConfiguration;
			baseConfigurationReference = 9CCE2A2E596EFCA50E7246BB /* Pods-WE-DOTests.debug.xcconfig */;
			buildSettings = {
				ALWAYS_EMBED_SWIFT_STANDARD_LIBRARIES = YES;
				BUNDLE_LOADER = "$(TEST_HOST)";
				CODE_SIGN_STYLE = Automatic;
				DEVELOPMENT_TEAM = Y86G6TS245;
				INFOPLIST_FILE = "WE-DOTests/Info.plist";
				LD_RUNPATH_SEARCH_PATHS = (
					"$(inherited)",
					"@executable_path/Frameworks",
					"@loader_path/Frameworks",
				);
				PRODUCT_BUNDLE_IDENTIFIER = "com.wedoapp.WE-DOTests";
				PRODUCT_NAME = "$(TARGET_NAME)";
				SWIFT_VERSION = 4.2;
				TARGETED_DEVICE_FAMILY = "1,2";
				TEST_HOST = "$(BUILT_PRODUCTS_DIR)/WE-DO.app/WE-DO";
			};
			name = Debug;
		};
		C4598DC921B7F72700AB1EAE /* Release */ = {
			isa = XCBuildConfiguration;
			baseConfigurationReference = E4FF1F71B679CC9C9CB4BD26 /* Pods-WE-DOTests.release.xcconfig */;
			buildSettings = {
				ALWAYS_EMBED_SWIFT_STANDARD_LIBRARIES = YES;
				BUNDLE_LOADER = "$(TEST_HOST)";
				CODE_SIGN_STYLE = Automatic;
				DEVELOPMENT_TEAM = Y86G6TS245;
				INFOPLIST_FILE = "WE-DOTests/Info.plist";
				LD_RUNPATH_SEARCH_PATHS = (
					"$(inherited)",
					"@executable_path/Frameworks",
					"@loader_path/Frameworks",
				);
				PRODUCT_BUNDLE_IDENTIFIER = "com.wedoapp.WE-DOTests";
				PRODUCT_NAME = "$(TARGET_NAME)";
				SWIFT_VERSION = 4.2;
				TARGETED_DEVICE_FAMILY = "1,2";
				TEST_HOST = "$(BUILT_PRODUCTS_DIR)/WE-DO.app/WE-DO";
			};
			name = Release;
		};
/* End XCBuildConfiguration section */

/* Begin XCConfigurationList section */
		C4598DA221B7F72400AB1EAE /* Build configuration list for PBXProject "WE-DO" */ = {
			isa = XCConfigurationList;
			buildConfigurations = (
				C4598DC221B7F72700AB1EAE /* Debug */,
				C4598DC321B7F72700AB1EAE /* Release */,
			);
			defaultConfigurationIsVisible = 0;
			defaultConfigurationName = Release;
		};
		C4598DC421B7F72700AB1EAE /* Build configuration list for PBXNativeTarget "WE-DO" */ = {
			isa = XCConfigurationList;
			buildConfigurations = (
				C4598DC521B7F72700AB1EAE /* Debug */,
				C4598DC621B7F72700AB1EAE /* Release */,
			);
			defaultConfigurationIsVisible = 0;
			defaultConfigurationName = Release;
		};
		C4598DC721B7F72700AB1EAE /* Build configuration list for PBXNativeTarget "WE-DOTests" */ = {
			isa = XCConfigurationList;
			buildConfigurations = (
				C4598DC821B7F72700AB1EAE /* Debug */,
				C4598DC921B7F72700AB1EAE /* Release */,
			);
			defaultConfigurationIsVisible = 0;
			defaultConfigurationName = Release;
		};
/* End XCConfigurationList section */
	};
	rootObject = C4598D9F21B7F72400AB1EAE /* Project object */;
}
